{"1.1.0",
[{<<"apns_erl_util">>,
  {git,"https://github.com/silentcircle/apns_erl_util.git",
       {ref,"76668788f2e568461fd67a1bfda0dc0f7d5e9f97"}},
  0},
 {<<"chatterbox">>,
  {git,"https://github.com/SilentCircle/chatterbox.git",
       {ref,"b035b14342e6c58bf7695612e3749473244f63c7"}},
  0},
 {<<"edown">>,
  {git,"https://github.com/uwiger/edown.git",
       {ref,"754be25f71a04099c83f3ffdff268e70beeb0021"}},
  1},
 {<<"getopt">>,
  {git,"https://github.com/jcomellas/getopt.git",
       {ref,"68fe326f2c7585eb32a5b136dffc75428a53fc02"}},
  0},
 {<<"goldrush">>,
  {git,"https://github.com/basho/goldrush.git",
       {ref,"8f1b715d36b650ec1e1f5612c00e28af6ab0de82"}},
  1},
 {<<"hpack">>,{pkg,<<"hpack_erl">>,<<"0.2.3">>},1},
 {<<"jsx">>,
  {git,"https://github.com/talentdeficit/jsx.git",
       {ref,"d4b6d3dc5fd9e759ff7a0c476654ea5124f5bae9"}},
  0},
 {<<"lager">>,
  {git,"https://github.com/basho/lager.git",
       {ref,"81eaef0ce98fdbf64ab95665e3bc2ec4b24c7dac"}},
  0},
 {<<"parse_trans">>,
  {git,"https://github.com/uwiger/parse_trans.git",
       {ref,"6f3645afb43c7c57d61b54ef59aecab288ce1013"}},
  1},
 {<<"quickrand">>,
  {git,"https://github.com/okeuday/quickrand.git",
       {ref,"de0f2c7657723a223c5f8fc92a388e101697eae3"}},
  1},
 {<<"sc_util">>,
  {git,"https://github.com/silentcircle/sc_util.git",
       {ref,"c18705ad930c98bacecba0cd8b6b53f165f8ce74"}},
  0},
 {<<"uuid">>,
  {git,"https://github.com/okeuday/uuid.git",
       {ref,"8f8e8516296b0594705ab5851c687e80d4c0a38a"}},
  0}]}.
[
{pkg_hash,[
 {<<"hpack">>, <<"17670F83FF984AE6CD74B1C456EDDE906D27FF013740EE4D9EFAA4F1BF999633">>}]}
].
