[{<<"apns_erl_util">>,
  {git,"https://github.com/silentcircle/apns_erl_util.git",
       {ref,"65ffaf22dd701d1f8d23e8a20ad464334afd7dc7"}},
  0},
 {<<"chatterbox">>,
  {git,"https://github.com/efine/chatterbox.git",
       {ref,"4210762b9a3979618a48c609ee1661b1f7184e8d"}},
  0},
 {<<"edown">>,
  {git,"https://github.com/uwiger/edown.git",
       {ref,"754be25f71a04099c83f3ffdff268e70beeb0021"}},
  1},
 {<<"getopt">>,
  {git,"https://github.com/jcomellas/getopt.git",
       {ref,"68fe326f2c7585eb32a5b136dffc75428a53fc02"}},
  0},
 {<<"goldrush">>,
  {git,"git://github.com/DeadZen/goldrush.git",
       {ref,"212299233c7e7eb63a97be2777e1c05ebaa58dbe"}},
  1},
 {<<"hpack">>,
  {git,"git://github.com/joedevivo/hpack.git",
       {ref,"2880ff4e88df18a31728893afc6746dcab1acf79"}},
  1},
 {<<"jsx">>,
  {git,"https://github.com/talentdeficit/jsx.git",
       {ref,"3074d4865b3385a050badf7828ad31490d860df5"}},
  0},
 {<<"lager">>,
  {git,"https://github.com/basho/lager.git",
       {ref,"75970de664c5634c577bdedf29c87f58a16893ca"}},
  0},
 {<<"parse_trans">>,
  {git,"https://github.com/uwiger/parse_trans.git",
       {ref,"6f3645afb43c7c57d61b54ef59aecab288ce1013"}},
  1},
 {<<"quickrand">>,
  {git,"https://github.com/okeuday/quickrand.git",
       {ref,"559e5e3f28bb2bf51acbc38f1c47b12c10094117"}},
  1},
 {<<"sc_util">>,
  {git,"https://github.com/silentcircle/sc_util.git",
       {ref,"c5c67a00e5d27077a121aa5d280103662dfadb15"}},
  0},
 {<<"uuid">>,
  {git,"https://github.com/okeuday/uuid.git",
       {ref,"06eca0bd373e97f5d7eda4f8df0621d3903754ef"}},
  0}].
