[{<<"apns_erl_util">>,
  {git,"git@github.com:SilentCircle/apns_erl_util.git",
       {ref,"8262f520fc4b1c23f4307e78dc65c93e97086f4c"}},
  0},
 {<<"chatterbox">>,
  {git,"git://github.com/joedevivo/chatterbox.git",
       {ref,"a01a71bc2713921a60430522cf7323cfa99ffc0e"}},
  0},
 {<<"edown">>,
  {git,"https://github.com/uwiger/edown.git",
       {ref,"d864427506cd93a00712b7c3b9a89d793e7e1600"}},
  1},
 {<<"getopt">>,
  {git,"https://github.com/jcomellas/getopt.git",
       {ref,"3b2751dc198d1099ae2da7a98192444fcbe42285"}},
  0},
 {<<"goldrush">>,
  {git,"git://github.com/DeadZen/goldrush.git",
       {ref,"212299233c7e7eb63a97be2777e1c05ebaa58dbe"}},
  1},
 {<<"hpack">>,
  {git,"git://github.com/joedevivo/hpack.git",
       {ref,"2880ff4e88df18a31728893afc6746dcab1acf79"}},
  1},
 {<<"jsx">>,
  {git,"git@github.com:talentdeficit/jsx.git",
       {ref,"3074d4865b3385a050badf7828ad31490d860df5"}},
  0},
 {<<"lager">>,
  {git,"git://github.com/basho/lager.git",
       {ref,"75970de664c5634c577bdedf29c87f58a16893ca"}},
  0},
 {<<"meck">>,
  {git,"https://github.com/eproxus/meck.git",
       {ref,"f6f885c484702b0c43ef13adbb9067106a5b39ff"}},
  1},
 {<<"parse_trans">>,
  {git,"https://github.com/uwiger/parse_trans.git",
       {ref,"4fadce8a5242479b4ebc0d2b5825bdfe1de0af1c"}},
  1},
 {<<"quickrand">>,
  {git,"https://github.com/okeuday/quickrand.git",
       {ref,"177b345e579101512371698569e57382a6411ce6"}},
  1},
 {<<"sc_util">>,
  {git,"git@github.com:SilentCircle/sc_util.git",
       {ref,"86fdd20e54a5b1f2f6eb96bc7858fdf3a01d7373"}},
  0},
 {<<"uuid">>,
  {git,"https://github.com/okeuday/uuid.git",
       {ref,"1d3fdca3a542928ae5c3b666fad7ab86c6104c04"}},
  0}].
